
Microsoft Visual Studio Solution File, Format Version 12.00
# Visual Studio 15
VisualStudioVersion = 15.0.28307.1525
MinimumVisualStudioVersion = 10.0.40219.1
Project("{FAE04EC0-301F-11D3-BF4B-00C04F79EFBC}") = "TicariOtomasyon", "TicariOtomasyon\TicariOtomasyon.csproj", "{A0F8A922-3C07-46F5-8900-AF522141BE8B}"
EndProject
Global
	GlobalSection(SolutionConfigurationPlatforms) = preSolution
		Debug|Any CPU = Debug|Any CPU
		Release|Any CPU = Release|Any CPU
	EndGlobalSection
	GlobalSection(ProjectConfigurationPlatforms) = postSolution
		{A0F8A922-3C07-46F5-8900-AF522141BE8B}.Debug|Any CPU.ActiveCfg = Debug|Any CPU
		{A0F8A922-3C07-46F5-8900-AF522141BE8B}.Debug|Any CPU.Build.0 = Debug|Any CPU
		{A0F8A922-3C07-46F5-8900-AF522141BE8B}.Release|Any CPU.ActiveCfg = Release|Any CPU
		{A0F8A922-3C07-46F5-8900-AF522141BE8B}.Release|Any CPU.Build.0 = Release|Any CPU
	EndGlobalSection
	GlobalSection(SolutionProperties) = preSolution
		HideSolutionNode = FALSE
	EndGlobalSection
	GlobalSection(ExtensibilityGlobals) = postSolution
		SolutionGuid = {A320838F-0905-47DB-B041-A1BDA37B02E8}
	EndGlobalSection
EndGlobal
